Microsoft Visual Studio Solution File, Format Version 12.00
# Visual Studio Version 17
VisualStudioVersion = 17.5.2.0
MinimumVisualStudioVersion = 10.0.40219.1
Project("{2150E333-8FDC-42A3-9474-1A3956D46DE8}") = "frontend", "frontend", "{CE609670-85B9-0D16-FB54-ED063D5D8A6D}"
EndProject
Project("{FAE04EC0-301F-11D3-BF4B-00C04F79EFBC}") = "PasswordManagerWeb", "frontend\PasswordManagerWeb\PasswordManagerWeb.csproj", "{C18C9911-8C44-B66E-8D74-F874D78DC025}"
EndProject
Global
	GlobalSection(SolutionConfigurationPlatforms) = preSolution
		Debug|Any CPU = Debug|Any CPU
		Release|Any CPU = Release|Any CPU
	EndGlobalSection
	GlobalSection(ProjectConfigurationPlatforms) = postSolution
		{C18C9911-8C44-B66E-8D74-F874D78DC025}.Debug|Any CPU.ActiveCfg = Debug|Any CPU
		{C18C9911-8C44-B66E-8D74-F874D78DC025}.Debug|Any CPU.Build.0 = Debug|Any CPU
		{C18C9911-8C44-B66E-8D74-F874D78DC025}.Release|Any CPU.ActiveCfg = Release|Any CPU
		{C18C9911-8C44-B66E-8D74-F874D78DC025}.Release|Any CPU.Build.0 = Release|Any CPU
	EndGlobalSection
	GlobalSection(SolutionProperties) = preSolution
		HideSolutionNode = FALSE
	EndGlobalSection
	GlobalSection(NestedProjects) = preSolution
		{C18C9911-8C44-B66E-8D74-F874D78DC025} = {CE609670-85B9-0D16-FB54-ED063D5D8A6D}
	EndGlobalSection
	GlobalSection(ExtensibilityGlobals) = postSolution
		SolutionGuid = {8571D85F-E1B5-46A7-9274-6968E65AB78B}
	EndGlobalSection
EndGlobal
